// !$*UTF8*$!
{
	archiveVersion = 1;
	classes = {
	};
	objectVersion = 46;
	objects = {

/* Begin PBXBuildFile section */
		178501001BAAE5B000B0EC9A /* AppDelegate.swift in Sources */ = {isa = PBXBuildFile; fileRef = 178500FF1BAAE5B000B0EC9A /* AppDelegate.swift */; };
		178501051BAAE5B000B0EC9A /* Main.storyboard in Resources */ = {isa = PBXBuildFile; fileRef = 178501031BAAE5B000B0EC9A /* Main.storyboard */; };
		178501071BAAE5B000B0EC9A /* Assets.xcassets in Resources */ = {isa = PBXBuildFile; fileRef = 178501061BAAE5B000B0EC9A /* Assets.xcassets */; };
		1785010A1BAAE5B000B0EC9A /* LaunchScreen.storyboard in Resources */ = {isa = PBXBuildFile; fileRef = 178501081BAAE5B000B0EC9A /* LaunchScreen.storyboard */; };
		178501141BAB370100B0EC9A /* SoundBoardCollectionViewController.swift in Sources */ = {isa = PBXBuildFile; fileRef = 178501131BAB370100B0EC9A /* SoundBoardCollectionViewController.swift */; settings = {ASSET_TAGS = (); }; };
		178501161BAB449400B0EC9A /* SoundBoardCollectionViewCell.swift in Sources */ = {isa = PBXBuildFile; fileRef = 178501151BAB449400B0EC9A /* SoundBoardCollectionViewCell.swift */; settings = {ASSET_TAGS = (); }; };
		17F5EF211BABEB4E00E593D3 /* SoundData.swift in Sources */ = {isa = PBXBuildFile; fileRef = 17F5EF201BABEB4D00E593D3 /* SoundData.swift */; settings = {ASSET_TAGS = (); }; };
		CC31B5AA0CBE53701F2C76F6 /* Pods_soundboard.framework in Frameworks */ = {isa = PBXBuildFile; fileRef = 4C2E96152ADDC1BD855198C9 /* Pods_soundboard.framework */; settings = {ATTRIBUTES = (Weak, ); }; };
/* End PBXBuildFile section */

/* Begin PBXFileReference section */
		178500FC1BAAE5B000B0EC9A /* soundboard.app */ = {isa = PBXFileReference; explicitFileType = wrapper.application; includeInIndex = 0; path = soundboard.app; sourceTree = BUILT_PRODUCTS_DIR; };
		178500FF1BAAE5B000B0EC9A /* AppDelegate.swift */ = {isa = PBXFileReference; lastKnownFileType = sourcecode.swift; path = AppDelegate.swift; sourceTree = "<group>"; };
		178501041BAAE5B000B0EC9A /* Base */ = {isa = PBXFileReference; lastKnownFileType = file.storyboard; name = Base; path = Base.lproj/Main.storyboard; sourceTree = "<group>"; };
		178501061BAAE5B000B0EC9A /* Assets.xcassets */ = {isa = PBXFileReference; lastKnownFileType = folder.assetcatalog; path = Assets.xcassets; sourceTree = "<group>"; };
		178501091BAAE5B000B0EC9A /* Base */ = {isa = PBXFileReference; lastKnownFileType = file.storyboard; name = Base; path = Base.lproj/LaunchScreen.storyboard; sourceTree = "<group>"; };
		1785010B1BAAE5B000B0EC9A /* Info.plist */ = {isa = PBXFileReference; lastKnownFileType = text.plist.xml; path = Info.plist; sourceTree = "<group>"; };
		178501131BAB370100B0EC9A /* SoundBoardCollectionViewController.swift */ = {isa = PBXFileReference; fileEncoding = 4; lastKnownFileType = sourcecode.swift; path = SoundBoardCollectionViewController.swift; sourceTree = "<group>"; };
		178501151BAB449400B0EC9A /* SoundBoardCollectionViewCell.swift */ = {isa = PBXFileReference; fileEncoding = 4; lastKnownFileType = sourcecode.swift; path = SoundBoardCollectionViewCell.swift; sourceTree = "<group>"; };
		17F5EF1F1BAB4DE300E593D3 /* SoundManager-Bridging-Header.h */ = {isa = PBXFileReference; lastKnownFileType = sourcecode.c.h; path = "SoundManager-Bridging-Header.h"; sourceTree = "<group>"; };
		17F5EF201BABEB4D00E593D3 /* SoundData.swift */ = {isa = PBXFileReference; fileEncoding = 4; lastKnownFileType = sourcecode.swift; path = SoundData.swift; sourceTree = "<group>"; };
		21AA3E2BE1E57F3B787D3465 /* Pods-soundboard.release.xcconfig */ = {isa = PBXFileReference; includeInIndex = 1; lastKnownFileType = text.xcconfig; name = "Pods-soundboard.release.xcconfig"; path = "Pods/Target Support Files/Pods-soundboard/Pods-soundboard.release.xcconfig"; sourceTree = "<group>"; };
		49DB91FA7A5E1B87995CC8DE /* Pods-soundboard.debug.xcconfig */ = {isa = PBXFileReference; includeInIndex = 1; lastKnownFileType = text.xcconfig; name = "Pods-soundboard.debug.xcconfig"; path = "Pods/Target Support Files/Pods-soundboard/Pods-soundboard.debug.xcconfig"; sourceTree = "<group>"; };
		4C2E96152ADDC1BD855198C9 /* Pods_soundboard.framework */ = {isa = PBXFileReference; explicitFileType = wrapper.framework; includeInIndex = 0; path = Pods_soundboard.framework; sourceTree = BUILT_PRODUCTS_DIR; };
/* End PBXFileReference section */

/* Begin PBXFrameworksBuildPhase section */
		178500F91BAAE5B000B0EC9A /* Frameworks */ = {
			isa = PBXFrameworksBuildPhase;
			buildActionMask = 2147483647;
			files = (
				CC31B5AA0CBE53701F2C76F6 /* Pods_soundboard.framework in Frameworks */,
			);
			runOnlyForDeploymentPostprocessing = 0;
		};
/* End PBXFrameworksBuildPhase section */

/* Begin PBXGroup section */
		178500F31BAAE5B000B0EC9A = {
			isa = PBXGroup;
			children = (
				178500FE1BAAE5B000B0EC9A /* soundboard */,
				178500FD1BAAE5B000B0EC9A /* Products */,
				D36FC173B0A53B45409CBAE6 /* Pods */,
				ED382FB641B4A48B175EE303 /* Frameworks */,
			);
			sourceTree = "<group>";
		};
		178500FD1BAAE5B000B0EC9A /* Products */ = {
			isa = PBXGroup;
			children = (
				178500FC1BAAE5B000B0EC9A /* soundboard.app */,
			);
			name = Products;
			sourceTree = "<group>";
		};
		178500FE1BAAE5B000B0EC9A /* soundboard */ = {
			isa = PBXGroup;
			children = (
				178500FF1BAAE5B000B0EC9A /* AppDelegate.swift */,
				178501031BAAE5B000B0EC9A /* Main.storyboard */,
				178501061BAAE5B000B0EC9A /* Assets.xcassets */,
				178501081BAAE5B000B0EC9A /* LaunchScreen.storyboard */,
				1785010B1BAAE5B000B0EC9A /* Info.plist */,
				178501131BAB370100B0EC9A /* SoundBoardCollectionViewController.swift */,
				178501151BAB449400B0EC9A /* SoundBoardCollectionViewCell.swift */,
				17F5EF1F1BAB4DE300E593D3 /* SoundManager-Bridging-Header.h */,
				17F5EF201BABEB4D00E593D3 /* SoundData.swift */,
			);
			path = soundboard;
			sourceTree = "<group>";
		};
		D36FC173B0A53B45409CBAE6 /* Pods */ = {
			isa = PBXGroup;
			children = (
				49DB91FA7A5E1B87995CC8DE /* Pods-soundboard.debug.xcconfig */,
				21AA3E2BE1E57F3B787D3465 /* Pods-soundboard.release.xcconfig */,
			);
			name = Pods;
			sourceTree = "<group>";
		};
		ED382FB641B4A48B175EE303 /* Frameworks */ = {
			isa = PBXGroup;
			children = (
				4C2E96152ADDC1BD855198C9 /* Pods_soundboard.framework */,
			);
			name = Frameworks;
			sourceTree = "<group>";
		};
/* End PBXGroup section */

/* Begin PBXNativeTarget section */
		178500FB1BAAE5B000B0EC9A /* soundboard */ = {
			isa = PBXNativeTarget;
			buildConfigurationList = 1785010E1BAAE5B000B0EC9A /* Build configuration list for PBXNativeTarget "soundboard" */;
			buildPhases = (
				7D7DDBB29B1D0C30A1C6E0CF /* Check Pods Manifest.lock */,
				178500F81BAAE5B000B0EC9A /* Sources */,
				178500F91BAAE5B000B0EC9A /* Frameworks */,
				178500FA1BAAE5B000B0EC9A /* Resources */,
				E2D0837B31CC65FE2CE1E6F4 /* Copy Pods Resources */,
				CD46C61032B0B60CFB627539 /* Embed Pods Frameworks */,
			);
			buildRules = (
			);
			dependencies = (
			);
			name = soundboard;
			productName = soundboard;
			productReference = 178500FC1BAAE5B000B0EC9A /* soundboard.app */;
			productType = "com.apple.product-type.application";
		};
/* End PBXNativeTarget section */

/* Begin PBXProject section */
		178500F41BAAE5B000B0EC9A /* Project object */ = {
			isa = PBXProject;
			attributes = {
				LastUpgradeCheck = 0700;
				ORGANIZATIONNAME = floyd;
				TargetAttributes = {
					178500FB1BAAE5B000B0EC9A = {
						CreatedOnToolsVersion = 7.0;
						DevelopmentTeam = 3MDUCHKFTH;
					};
				};
			};
			buildConfigurationList = 178500F71BAAE5B000B0EC9A /* Build configuration list for PBXProject "soundboard" */;
			compatibilityVersion = "Xcode 3.2";
			developmentRegion = English;
			hasScannedForEncodings = 0;
			knownRegions = (
				en,
				Base,
			);
			mainGroup = 178500F31BAAE5B000B0EC9A;
			productRefGroup = 178500FD1BAAE5B000B0EC9A /* Products */;
			projectDirPath = "";
			projectRoot = "";
			targets = (
				178500FB1BAAE5B000B0EC9A /* soundboard */,
			);
		};
/* End PBXProject section */

/* Begin PBXResourcesBuildPhase section */
		178500FA1BAAE5B000B0EC9A /* Resources */ = {
			isa = PBXResourcesBuildPhase;
			buildActionMask = 2147483647;
			files = (
				1785010A1BAAE5B000B0EC9A /* LaunchScreen.storyboard in Resources */,
				178501071BAAE5B000B0EC9A /* Assets.xcassets in Resources */,
				178501051BAAE5B000B0EC9A /* Main.storyboard in Resources */,
			);
			runOnlyForDeploymentPostprocessing = 0;
		};
/* End PBXResourcesBuildPhase section */

/* Begin PBXShellScriptBuildPhase section */
		7D7DDBB29B1D0C30A1C6E0CF /* Check Pods Manifest.lock */ = {
			isa = PBXShellScriptBuildPhase;
			buildActionMask = 2147483647;
			files = (
			);
			inputPaths = (
			);
			name = "Check Pods Manifest.lock";
			outputPaths = (
			);
			runOnlyForDeploymentPostprocessing = 0;
			shellPath = /bin/sh;
			shellScript = "diff \"${PODS_ROOT}/../Podfile.lock\" \"${PODS_ROOT}/Manifest.lock\" > /dev/null\nif [[ $? != 0 ]] ; then\n    cat << EOM\nerror: The sandbox is not in sync with the Podfile.lock. Run 'pod install' or update your CocoaPods installation.\nEOM\n    exit 1\nfi\n";
			showEnvVarsInLog = 0;
		};
		CD46C61032B0B60CFB627539 /* Embed Pods Frameworks */ = {
			isa = PBXShellScriptBuildPhase;
			buildActionMask = 2147483647;
			files = (
			);
			inputPaths = (
			);
			name = "Embed Pods Frameworks";
			outputPaths = (
			);
			runOnlyForDeploymentPostprocessing = 0;
			shellPath = /bin/sh;
			shellScript = "\"${SRCROOT}/Pods/Target Support Files/Pods-soundboard/Pods-soundboard-frameworks.sh\"\n";
			showEnvVarsInLog = 0;
		};
		E2D0837B31CC65FE2CE1E6F4 /* Copy Pods Resources */ = {
			isa = PBXShellScriptBuildPhase;
			buildActionMask = 2147483647;
			files = (
			);
			inputPaths = (
			);
			name = "Copy Pods Resources";
			outputPaths = (
			);
			runOnlyForDeploymentPostprocessing = 0;
			shellPath = /bin/sh;
			shellScript = "\"${SRCROOT}/Pods/Target Support Files/Pods-soundboard/Pods-soundboard-resources.sh\"\n";
			showEnvVarsInLog = 0;
		};
/* End PBXShellScriptBuildPhase section */

/* Begin PBXSourcesBuildPhase section */
		178500F81BAAE5B000B0EC9A /* Sources */ = {
			isa = PBXSourcesBuildPhase;
			buildActionMask = 2147483647;
			files = (
				178501001BAAE5B000B0EC9A /* AppDelegate.swift in Sources */,
				17F5EF211BABEB4E00E593D3 /* SoundData.swift in Sources */,
				178501141BAB370100B0EC9A /* SoundBoardCollectionViewController.swift in Sources */,
				178501161BAB449400B0EC9A /* SoundBoardCollectionViewCell.swift in Sources */,
			);
			runOnlyForDeploymentPostprocessing = 0;
		};
/* End PBXSourcesBuildPhase section */

/* Begin PBXVariantGroup section */
		178501031BAAE5B000B0EC9A /* Main.storyboard */ = {
			isa = PBXVariantGroup;
			children = (
				178501041BAAE5B000B0EC9A /* Base */,
			);
			name = Main.storyboard;
			sourceTree = "<group>";
		};
		178501081BAAE5B000B0EC9A /* LaunchScreen.storyboard */ = {
			isa = PBXVariantGroup;
			children = (
				178501091BAAE5B000B0EC9A /* Base */,
			);
			name = LaunchScreen.storyboard;
			sourceTree = "<group>";
		};
/* End PBXVariantGroup section */

/* Begin XCBuildConfiguration section */
		1785010C1BAAE5B000B0EC9A /* Debug */ = {
			isa = XCBuildConfiguration;
			buildSettings = {
				ALWAYS_SEARCH_USER_PATHS = NO;
				CLANG_CXX_LANGUAGE_STANDARD = "gnu++0x";
				CLANG_CXX_LIBRARY = "libc++";
				CLANG_ENABLE_MODULES = YES;
				CLANG_ENABLE_OBJC_ARC = YES;
				CLANG_WARN_BOOL_CONVERSION = YES;
				CLANG_WARN_CONSTANT_CONVERSION = YES;
				CLANG_WARN_DIRECT_OBJC_ISA_USAGE = YES_ERROR;
				CLANG_WARN_EMPTY_BODY = YES;
				CLANG_WARN_ENUM_CONVERSION = YES;
				CLANG_WARN_INT_CONVERSION = YES;
				CLANG_WARN_OBJC_ROOT_CLASS = YES_ERROR;
				CLANG_WARN_UNREACHABLE_CODE = YES;
				CLANG_WARN__DUPLICATE_METHOD_MATCH = YES;
				"CODE_SIGN_IDENTITY[sdk=iphoneos*]" = "iPhone Developer";
				COPY_PHASE_STRIP = NO;
				DEBUG_INFORMATION_FORMAT = dwarf;
				ENABLE_STRICT_OBJC_MSGSEND = YES;
				ENABLE_TESTABILITY = YES;
				GCC_C_LANGUAGE_STANDARD = gnu99;
				GCC_DYNAMIC_NO_PIC = NO;
				GCC_NO_COMMON_BLOCKS = YES;
				GCC_OPTIMIZATION_LEVEL = 0;
				GCC_PREPROCESSOR_DEFINITIONS = (
					"DEBUG=1",
					"$(inherited)",
				);
				GCC_WARN_64_TO_32_BIT_CONVERSION = YES;
				GCC_WARN_ABOUT_RETURN_TYPE = YES_ERROR;
				GCC_WARN_UNDECLARED_SELECTOR = YES;
				GCC_WARN_UNINITIALIZED_AUTOS = YES_AGGRESSIVE;
				GCC_WARN_UNUSED_FUNCTION = YES;
				GCC_WARN_UNUSED_VARIABLE = YES;
				IPHONEOS_DEPLOYMENT_TARGET = 9.0;
				MTL_ENABLE_DEBUG_INFO = YES;
				ONLY_ACTIVE_ARCH = YES;
				SDKROOT = iphoneos;
				SWIFT_OBJC_BRIDGING_HEADER = "soundboard/SoundManager-Bridging-Header.h";
				SWIFT_OPTIMIZATION_LEVEL = "-Onone";
				TARGETED_DEVICE_FAMILY = 2;
			};
			name = Debug;
		};
		1785010D1BAAE5B000B0EC9A /* Release */ = {
			isa = XCBuildConfiguration;
			buildSettings = {
				ALWAYS_SEARCH_USER_PATHS = NO;
				CLANG_CXX_LANGUAGE_STANDARD = "gnu++0x";
				CLANG_CXX_LIBRARY = "libc++";
				CLANG_ENABLE_MODULES = YES;
				CLANG_ENABLE_OBJC_ARC = YES;
				CLANG_WARN_BOOL_CONVERSION = YES;
				CLANG_WARN_CONSTANT_CONVERSION = YES;
				CLANG_WARN_DIRECT_OBJC_ISA_USAGE = YES_ERROR;
				CLANG_WARN_EMPTY_BODY = YES;
				CLANG_WARN_ENUM_CONVERSION = YES;
				CLANG_WARN_INT_CONVERSION = YES;
				CLANG_WARN_OBJC_ROOT_CLASS = YES_ERROR;
				CLANG_WARN_UNREACHABLE_CODE = YES;
				CLANG_WARN__DUPLICATE_METHOD_MATCH = YES;
				"CODE_SIGN_IDENTITY[sdk=iphoneos*]" = "iPhone Developer";
				COPY_PHASE_STRIP = NO;
				DEBUG_INFORMATION_FORMAT = "dwarf-with-dsym";
				ENABLE_NS_ASSERTIONS = NO;
				ENABLE_STRICT_OBJC_MSGSEND = YES;
				GCC_C_LANGUAGE_STANDARD = gnu99;
				GCC_NO_COMMON_BLOCKS = YES;
				GCC_WARN_64_TO_32_BIT_CONVERSION = YES;
				GCC_WARN_ABOUT_RETURN_TYPE = YES_ERROR;
				GCC_WARN_UNDECLARED_SELECTOR = YES;
				GCC_WARN_UNINITIALIZED_AUTOS = YES_AGGRESSIVE;
				GCC_WARN_UNUSED_FUNCTION = YES;
				GCC_WARN_UNUSED_VARIABLE = YES;
				IPHONEOS_DEPLOYMENT_TARGET = 9.0;
				MTL_ENABLE_DEBUG_INFO = NO;
				SDKROOT = iphoneos;
				SWIFT_OBJC_BRIDGING_HEADER = "soundboard/SoundManager-Bridging-Header.h";
				TARGETED_DEVICE_FAMILY = 2;
				VALIDATE_PRODUCT = YES;
			};
			name = Release;
		};
		1785010F1BAAE5B000B0EC9A /* Debug */ = {
			isa = XCBuildConfiguration;
			baseConfigurationReference = 49DB91FA7A5E1B87995CC8DE /* Pods-soundboard.debug.xcconfig */;
			buildSettings = {
				ASSETCATALOG_COMPILER_APPICON_NAME = AppIcon;
				CODE_SIGN_IDENTITY = "iPhone Developer";
				INFOPLIST_FILE = soundboard/Info.plist;
				LD_RUNPATH_SEARCH_PATHS = "$(inherited) @executable_path/Frameworks";
				PRODUCT_BUNDLE_IDENTIFIER = florian.soundboard;
				PRODUCT_NAME = "$(TARGET_NAME)";
			};
			name = Debug;
		};
		178501101BAAE5B000B0EC9A /* Release */ = {
			isa = XCBuildConfiguration;
			baseConfigurationReference = 21AA3E2BE1E57F3B787D3465 /* Pods-soundboard.release.xcconfig */;
			buildSettings = {
				ASSETCATALOG_COMPILER_APPICON_NAME = AppIcon;
				CODE_SIGN_IDENTITY = "iPhone Developer";
				INFOPLIST_FILE = soundboard/Info.plist;
				LD_RUNPATH_SEARCH_PATHS = "$(inherited) @executable_path/Frameworks";
				PRODUCT_BUNDLE_IDENTIFIER = florian.soundboard;
				PRODUCT_NAME = "$(TARGET_NAME)";
			};
			name = Release;
		};
/* End XCBuildConfiguration section */

/* Begin XCConfigurationList section */
		178500F71BAAE5B000B0EC9A /* Build configuration list for PBXProject "soundboard" */ = {
			isa = XCConfigurationList;
			buildConfigurations = (
				1785010C1BAAE5B000B0EC9A /* Debug */,
				1785010D1BAAE5B000B0EC9A /* Release */,
			);
			defaultConfigurationIsVisible = 0;
			defaultConfigurationName = Release;
		};
		1785010E1BAAE5B000B0EC9A /* Build configuration list for PBXNativeTarget "soundboard" */ = {
			isa = XCConfigurationList;
			buildConfigurations = (
				1785010F1BAAE5B000B0EC9A /* Debug */,
				178501101BAAE5B000B0EC9A /* Release */,
			);
			defaultConfigurationIsVisible = 0;
			defaultConfigurationName = Release;
		};
/* End XCConfigurationList section */
	};
	rootObject = 178500F41BAAE5B000B0EC9A /* Project object */;
}
